
Microsoft Visual Studio Solution File, Format Version 12.00
# Visual Studio Version 17
VisualStudioVersion = 17.10.34928.147
MinimumVisualStudioVersion = 10.0.40219.1
Project("{FAE04EC0-301F-11D3-BF4B-00C04F79EFBC}") = "Accounts", "Accounts\Accounts.csproj", "{52D4B155-E52A-48A8-953A-77CE5B206AB3}"
EndProject
Project("{FAE04EC0-301F-11D3-BF4B-00C04F79EFBC}") = "BankDB", "BankDB\BankDB.csproj", "{86EB9801-1538-43FD-A524-58324330CAF1}"
EndProject
Global
	GlobalSection(SolutionConfigurationPlatforms) = preSolution
		Debug|Any CPU = Debug|Any CPU
		Release|Any CPU = Release|Any CPU
	EndGlobalSection
	GlobalSection(ProjectConfigurationPlatforms) = postSolution
		{52D4B155-E52A-48A8-953A-77CE5B206AB3}.Debug|Any CPU.ActiveCfg = Debug|Any CPU
		{52D4B155-E52A-48A8-953A-77CE5B206AB3}.Debug|Any CPU.Build.0 = Debug|Any CPU
		{52D4B155-E52A-48A8-953A-77CE5B206AB3}.Release|Any CPU.ActiveCfg = Release|Any CPU
		{52D4B155-E52A-48A8-953A-77CE5B206AB3}.Release|Any CPU.Build.0 = Release|Any CPU
		{86EB9801-1538-43FD-A524-58324330CAF1}.Debug|Any CPU.ActiveCfg = Debug|Any CPU
		{86EB9801-1538-43FD-A524-58324330CAF1}.Debug|Any CPU.Build.0 = Debug|Any CPU
		{86EB9801-1538-43FD-A524-58324330CAF1}.Release|Any CPU.ActiveCfg = Release|Any CPU
		{86EB9801-1538-43FD-A524-58324330CAF1}.Release|Any CPU.Build.0 = Release|Any CPU
	EndGlobalSection
	GlobalSection(SolutionProperties) = preSolution
		HideSolutionNode = FALSE
	EndGlobalSection
	GlobalSection(ExtensibilityGlobals) = postSolution
		SolutionGuid = {CBE9AD08-3E88-408C-8A9C-A64A948BE0B4}
	EndGlobalSection
EndGlobal
